
Microsoft Visual Studio Solution File, Format Version 12.00
# Visual Studio Version 17
VisualStudioVersion = 17.7.34202.233
MinimumVisualStudioVersion = 10.0.40219.1
Project("{8BC9CEB8-8B4A-11D0-8D11-00A0C91BC942}") = "OwO-10-30-60-120", "OwO-10-30-60-120\OwO-10-30-60-120.vcxproj", "{CCBC4FFB-AA67-4DA2-BD69-8E76B963E774}"
EndProject
Global
	GlobalSection(SolutionConfigurationPlatforms) = preSolution
		Debug|x64 = Debug|x64
		Debug|x86 = Debug|x86
		Release|x64 = Release|x64
		Release|x86 = Release|x86
	EndGlobalSection
	GlobalSection(ProjectConfigurationPlatforms) = postSolution
		{CCBC4FFB-AA67-4DA2-BD69-8E76B963E774}.Debug|x64.ActiveCfg = Debug|x64
		{CCBC4FFB-AA67-4DA2-BD69-8E76B963E774}.Debug|x64.Build.0 = Debug|x64
		{CCBC4FFB-AA67-4DA2-BD69-8E76B963E774}.Debug|x86.ActiveCfg = Debug|Win32
		{CCBC4FFB-AA67-4DA2-BD69-8E76B963E774}.Debug|x86.Build.0 = Debug|Win32
		{CCBC4FFB-AA67-4DA2-BD69-8E76B963E774}.Release|x64.ActiveCfg = Release|x64
		{CCBC4FFB-AA67-4DA2-BD69-8E76B963E774}.Release|x64.Build.0 = Release|x64
		{CCBC4FFB-AA67-4DA2-BD69-8E76B963E774}.Release|x86.ActiveCfg = Release|Win32
		{CCBC4FFB-AA67-4DA2-BD69-8E76B963E774}.Release|x86.Build.0 = Release|Win32
	EndGlobalSection
	GlobalSection(SolutionProperties) = preSolution
		HideSolutionNode = FALSE
	EndGlobalSection
	GlobalSection(ExtensibilityGlobals) = postSolution
		SolutionGuid = {F4B869CD-6C3F-4512-B186-B4FF94081544}
	EndGlobalSection
EndGlobal
